
Microsoft Visual Studio Solution File, Format Version 12.00
# Visual Studio Version 17
VisualStudioVersion = 17.4.33403.182
MinimumVisualStudioVersion = 10.0.40219.1
Project("{FAE04EC0-301F-11D3-BF4B-00C04F79EFBC}") = "Enum Ornek", "Odevler\Enum Ornek.csproj", "{64FFA04F-0838-4D04-9A22-89233BDD538D}"
EndProject
Global
	GlobalSection(SolutionConfigurationPlatforms) = preSolution
		Debug|Any CPU = Debug|Any CPU
		Release|Any CPU = Release|Any CPU
	EndGlobalSection
	GlobalSection(ProjectConfigurationPlatforms) = postSolution
		{64FFA04F-0838-4D04-9A22-89233BDD538D}.Debug|Any CPU.ActiveCfg = Debug|Any CPU
		{64FFA04F-0838-4D04-9A22-89233BDD538D}.Debug|Any CPU.Build.0 = Debug|Any CPU
		{64FFA04F-0838-4D04-9A22-89233BDD538D}.Release|Any CPU.ActiveCfg = Release|Any CPU
		{64FFA04F-0838-4D04-9A22-89233BDD538D}.Release|Any CPU.Build.0 = Release|Any CPU
	EndGlobalSection
	GlobalSection(SolutionProperties) = preSolution
		HideSolutionNode = FALSE
	EndGlobalSection
	GlobalSection(ExtensibilityGlobals) = postSolution
		SolutionGuid = {9C36063B-E735-4A6B-9EB4-0F2E6126FEB5}
	EndGlobalSection
EndGlobal
